
Microsoft Visual Studio Solution File, Format Version 12.00
# Visual Studio Version 17
VisualStudioVersion = 17.3.32819.101
MinimumVisualStudioVersion = 10.0.40219.1
Project("{FAE04EC0-301F-11D3-BF4B-00C04F79EFBC}") = "bettercalibrationui", "bettercalibrationui.csproj", "{99B2FD7A-2644-487C-9F93-48CCD2D4B1F2}"
EndProject
Global
	GlobalSection(SolutionConfigurationPlatforms) = preSolution
		Debug|Any CPU = Debug|Any CPU
		Release|Any CPU = Release|Any CPU
	EndGlobalSection
	GlobalSection(ProjectConfigurationPlatforms) = postSolution
		{99B2FD7A-2644-487C-9F93-48CCD2D4B1F2}.Debug|Any CPU.ActiveCfg = Debug|Any CPU
		{99B2FD7A-2644-487C-9F93-48CCD2D4B1F2}.Debug|Any CPU.Build.0 = Debug|Any CPU
		{99B2FD7A-2644-487C-9F93-48CCD2D4B1F2}.Release|Any CPU.ActiveCfg = Release|Any CPU
		{99B2FD7A-2644-487C-9F93-48CCD2D4B1F2}.Release|Any CPU.Build.0 = Release|Any CPU
	EndGlobalSection
	GlobalSection(SolutionProperties) = preSolution
		HideSolutionNode = FALSE
	EndGlobalSection
	GlobalSection(ExtensibilityGlobals) = postSolution
		SolutionGuid = {DBDC6DD6-C8F0-48E9-A184-B69463AC48F7}
	EndGlobalSection
EndGlobal
